
Microsoft Visual Studio Solution File, Format Version 12.00
# Visual Studio Version 17
VisualStudioVersion = 17.9.34728.123
MinimumVisualStudioVersion = 10.0.40219.1
Project("{9A19103F-16F7-4668-BE54-9A1E7A4F7556}") = "Date_Class", "Date_Class\Date_Class.csproj", "{DB51135C-912A-4611-B424-B97F35031BBD}"
EndProject
Global
	GlobalSection(SolutionConfigurationPlatforms) = preSolution
		Debug|Any CPU = Debug|Any CPU
		Release|Any CPU = Release|Any CPU
	EndGlobalSection
	GlobalSection(ProjectConfigurationPlatforms) = postSolution
		{DB51135C-912A-4611-B424-B97F35031BBD}.Debug|Any CPU.ActiveCfg = Debug|Any CPU
		{DB51135C-912A-4611-B424-B97F35031BBD}.Debug|Any CPU.Build.0 = Debug|Any CPU
		{DB51135C-912A-4611-B424-B97F35031BBD}.Release|Any CPU.ActiveCfg = Release|Any CPU
		{DB51135C-912A-4611-B424-B97F35031BBD}.Release|Any CPU.Build.0 = Release|Any CPU
	EndGlobalSection
	GlobalSection(SolutionProperties) = preSolution
		HideSolutionNode = FALSE
	EndGlobalSection
	GlobalSection(ExtensibilityGlobals) = postSolution
		SolutionGuid = {FFF76574-FCE2-4483-85CC-5B8295A5084C}
	EndGlobalSection
EndGlobal
