
Microsoft Visual Studio Solution File, Format Version 12.00
# Visual Studio Version 17
VisualStudioVersion = 17.4.33205.214
MinimumVisualStudioVersion = 10.0.40219.1
Project("{9A19103F-16F7-4668-BE54-9A1E7A4F7556}") = "Shape Renderer", "Shape Renderer.csproj", "{A9704B67-C5A3-4DCA-92D7-74C79B313315}"
EndProject
Global
	GlobalSection(SolutionConfigurationPlatforms) = preSolution
		Debug|Any CPU = Debug|Any CPU
		Release|Any CPU = Release|Any CPU
	EndGlobalSection
	GlobalSection(ProjectConfigurationPlatforms) = postSolution
		{A9704B67-C5A3-4DCA-92D7-74C79B313315}.Debug|Any CPU.ActiveCfg = Debug|Any CPU
		{A9704B67-C5A3-4DCA-92D7-74C79B313315}.Debug|Any CPU.Build.0 = Debug|Any CPU
		{A9704B67-C5A3-4DCA-92D7-74C79B313315}.Release|Any CPU.ActiveCfg = Release|Any CPU
		{A9704B67-C5A3-4DCA-92D7-74C79B313315}.Release|Any CPU.Build.0 = Release|Any CPU
	EndGlobalSection
	GlobalSection(SolutionProperties) = preSolution
		HideSolutionNode = FALSE
	EndGlobalSection
	GlobalSection(ExtensibilityGlobals) = postSolution
		SolutionGuid = {FD3F8B18-991D-4E3F-A45F-365B0A9BB9C2}
	EndGlobalSection
EndGlobal
