
Microsoft Visual Studio Solution File, Format Version 12.00
# Visual Studio Version 17
VisualStudioVersion = 17.9.34728.123
MinimumVisualStudioVersion = 10.0.40219.1
Project("{9A19103F-16F7-4668-BE54-9A1E7A4F7556}") = "RSS Parser", "LB_XML\RSS Parser.csproj", "{AE5E80F6-B92E-47E3-81AB-0EB75C95E943}"
EndProject
Global
	GlobalSection(SolutionConfigurationPlatforms) = preSolution
		Debug|Any CPU = Debug|Any CPU
		Release|Any CPU = Release|Any CPU
	EndGlobalSection
	GlobalSection(ProjectConfigurationPlatforms) = postSolution
		{AE5E80F6-B92E-47E3-81AB-0EB75C95E943}.Debug|Any CPU.ActiveCfg = Debug|Any CPU
		{AE5E80F6-B92E-47E3-81AB-0EB75C95E943}.Debug|Any CPU.Build.0 = Debug|Any CPU
		{AE5E80F6-B92E-47E3-81AB-0EB75C95E943}.Release|Any CPU.ActiveCfg = Release|Any CPU
		{AE5E80F6-B92E-47E3-81AB-0EB75C95E943}.Release|Any CPU.Build.0 = Release|Any CPU
	EndGlobalSection
	GlobalSection(SolutionProperties) = preSolution
		HideSolutionNode = FALSE
	EndGlobalSection
	GlobalSection(ExtensibilityGlobals) = postSolution
		SolutionGuid = {33523F66-D317-4B7C-8405-FC3480B83917}
	EndGlobalSection
EndGlobal
